{
  "name": "gro-fragmenters",
  "version": "1.0.0",
  "lockfileVersion": 3,
  "requires": true,
  "packages": {
    "": {
      "name": "gro-fragmenters",
      "version": "1.0.0",
      "license": "ISC",
      "dependencies": {
        "hnsw": "^1.1.1"
      }
    },
    "node_modules/hnsw": {
      "version": "1.1.1",
      "resolved": "https://registry.npmjs.org/hnsw/-/hnsw-1.1.1.tgz",
      "integrity": "sha512-MGY9yYxK4/KQKaQ4FF42zY/kETpJitnBrxeAg+M6Q/gYs+nNuWl7Oa9RuwLsGRKLJJtGrMLDtosFnfy9yYZt+Q==",
      "license": "MIT",
      "dependencies": {
        "idb": "^7.1.1"
      }
    },
    "node_modules/idb": {
      "version": "7.1.1",
      "resolved": "https://registry.npmjs.org/idb/-/idb-7.1.1.tgz",
      "integrity": "sha512-gchesWBzyvGHRO9W8tzUWFDycow5gwjvFKfyV9FF32Y7F50yZMp7mP+T2mJIWFx49zicqyC4uefHM17o6xKIVQ==",
      "license": "ISC"
    }
  }
}
